# THIS IS AN AUTOGENERATED FILE. DO NOT EDIT THIS FILE DIRECTLY.
# yarn lockfile v1


"@fortawesome/fontawesome-free@^5.10.0":
  version "5.10.0"
  resolved "https://registry.yarnpkg.com/@fortawesome/fontawesome-free/-/fontawesome-free-5.10.0.tgz#dbfb34093c87c9516f03ee1db3385adae3ae9461"
  integrity sha512-XX16koDMY/tkJmec0VFfKF7RYZOze/203B1iyLnRaAySm3ZPhKaeyIpf73Yh8xhrMk3Fj4TeH3FC01qyFTyg8g==

mini.css@^3.0.1:
  version "3.0.1"
  resolved "https://registry.yarnpkg.com/mini.css/-/mini.css-3.0.1.tgz#f6236e99997bbd19484d5655d087ec96b887af68"
  integrity sha512-FmuuBL0wuyDO1UA66TkAo8w2RxxuHmNPaUqUHcYlHtM9CJkrscQaNAJ/ParEahYFwtZOSgfEA7flbMoSPkzrPA==
